<?xml version="1.0" encoding="utf-8"?>
<Project ToolsVersion="4.0" xmlns="http://schemas.microsoft.com/developer/msbuild/2003">
  <ItemGroup>
    <Filter Include="Source Files">
      <UniqueIdentifier>{4FC737F1-C7A5-4376-A066-2A32D752A2FF}</UniqueIdentifier>
      <Extensions>cpp;c;cc;cxx;c++;cppm;ixx;def;odl;idl;hpj;bat;asm;asmx</Extensions>
    </Filter>
    <Filter Include="Header Files">
      <UniqueIdentifier>{93995380-89BD-4b04-88EB-625FBE52EBFB}</UniqueIdentifier>
      <Extensions>h;hh;hpp;hxx;h++;hm;inl;inc;ipp;xsd</Extensions>
    </Filter>
    <Filter Include="Resource Files">
      <UniqueIdentifier>{67DA6AB6-F800-4c08-8B7A-83BB121AAD01}</UniqueIdentifier>
      <Extensions>rc;ico;cur;bmp;dlg;rc2;rct;bin;rgs;gif;jpg;jpeg;jpe;resx;tiff;tif;png;wav;mfcribbon-ms</Extensions>
    </Filter>
    <Filter Include="Header Files\cpp_internals">
      <UniqueIdentifier>{0b58fdf6-f1c9-426a-95f8-1a391c630b68}</UniqueIdentifier>
    </Filter>
    <Filter Include="Header Files\boost_asio">
      <UniqueIdentifier>{9844385f-09d3-4cb3-b734-9b442ce41931}</UniqueIdentifier>
    </Filter>
    <Filter Include="Header Files\basic_elements">
      <UniqueIdentifier>{380ab401-165f-4f3c-a0da-291c5aa57d0a}</UniqueIdentifier>
    </Filter>
    <Filter Include="Header Files\exercises">
      <UniqueIdentifier>{797ef604-5a4b-4323-b83c-310598b4e738}</UniqueIdentifier>
    </Filter>
    <Filter Include="Header Files\design_patterns">
      <UniqueIdentifier>{ff1592ee-036f-4f6c-8281-891f9f91ed83}</UniqueIdentifier>
    </Filter>
    <Filter Include="Header Files\basic_paradigms">
      <UniqueIdentifier>{960099e4-03af-4c0e-bbe4-933aa4514503}</UniqueIdentifier>
    </Filter>
    <Filter Include="Header Files\algorithms">
      <UniqueIdentifier>{83c55bd5-5e4e-4551-a920-2159e3cdc6ec}</UniqueIdentifier>
    </Filter>
    <Filter Include="Header Files\algorithms\search">
      <UniqueIdentifier>{391bb07b-e8d8-49af-a306-de978b8cbf8d}</UniqueIdentifier>
    </Filter>
    <Filter Include="Header Files\algorithms\sort">
      <UniqueIdentifier>{af81cd5d-5f70-4669-83e8-37d1d2300ad2}</UniqueIdentifier>
    </Filter>
    <Filter Include="Header Files\cpp_internals\list">
      <UniqueIdentifier>{990ce789-24cd-4a6d-8ff0-6e98c808c142}</UniqueIdentifier>
    </Filter>
    <Filter Include="Header Files\parallel_programming">
      <UniqueIdentifier>{3f2c745c-11fe-4aa2-92eb-ab3f49c111a4}</UniqueIdentifier>
    </Filter>
  </ItemGroup>
  <ItemGroup>
    <ClCompile Include="main.cpp">
      <Filter>Source Files</Filter>
    </ClCompile>
  </ItemGroup>
  <ItemGroup>
    <ClInclude Include="include\Observer.h">
      <Filter>Header Files\design_patterns</Filter>
    </ClInclude>
    <ClInclude Include="include\Adapter.h">
      <Filter>Header Files\design_patterns</Filter>
    </ClInclude>
    <ClInclude Include="include\Singleton.h">
      <Filter>Header Files\design_patterns</Filter>
    </ClInclude>
    <ClInclude Include="include\Factory.h">
      <Filter>Header Files\design_patterns</Filter>
    </ClInclude>
    <ClInclude Include="include\Facade.h">
      <Filter>Header Files\design_patterns</Filter>
    </ClInclude>
    <ClInclude Include="include\ObserverBoostSignal.h">
      <Filter>Header Files\design_patterns</Filter>
    </ClInclude>
    <ClInclude Include="include\async_wait.h">
      <Filter>Header Files\boost_asio</Filter>
    </ClInclude>
    <ClInclude Include="include\ConditionVariable.h">
      <Filter>Header Files\parallel_programming</Filter>
    </ClInclude>
    <ClInclude Include="include\MutexGuardThread.h">
      <Filter>Header Files\parallel_programming</Filter>
    </ClInclude>
    <ClInclude Include="include\MoveCopy.h">
      <Filter>Header Files\basic_elements</Filter>
    </ClInclude>
    <ClInclude Include="include\Mutable.h">
      <Filter>Header Files\basic_elements</Filter>
    </ClInclude>
    <ClInclude Include="include\TypeConversions.h">
      <Filter>Header Files\basic_elements</Filter>
    </ClInclude>
    <ClInclude Include="include\Polymorphism.h">
      <Filter>Header Files\basic_paradigms</Filter>
    </ClInclude>
    <ClInclude Include="include\CharacterFilter.h">
      <Filter>Header Files\exercises</Filter>
    </ClInclude>
    <ClInclude Include="include\UniquePtr.h">
      <Filter>Header Files\cpp_internals</Filter>
    </ClInclude>
    <ClInclude Include="include\SharedPtr.h">
      <Filter>Header Files\cpp_internals</Filter>
    </ClInclude>
    <ClInclude Include="include\Class.h">
      <Filter>Header Files\basic_paradigms</Filter>
    </ClInclude>
    <ClInclude Include="include\Containers.h">
      <Filter>Header Files\basic_elements</Filter>
    </ClInclude>
    <ClInclude Include="include\BinarySearch.h">
      <Filter>Header Files\algorithms\search</Filter>
    </ClInclude>
    <ClInclude Include="include\OverloadingOperators.h">
      <Filter>Header Files\basic_elements</Filter>
    </ClInclude>
    <ClInclude Include="include\Template.h">
      <Filter>Header Files\basic_elements</Filter>
    </ClInclude>
    <ClInclude Include="include\UniqueNames.h">
      <Filter>Header Files\exercises</Filter>
    </ClInclude>
    <ClInclude Include="include\Fibonacci.h">
      <Filter>Header Files\exercises</Filter>
    </ClInclude>
    <ClInclude Include="include\ReverseString.h">
      <Filter>Header Files\exercises</Filter>
    </ClInclude>
    <ClInclude Include="include\Shuffle.h">
      <Filter>Header Files\algorithms\sort</Filter>
    </ClInclude>
    <ClInclude Include="include\UniqueCharacters.h">
      <Filter>Header Files\exercises</Filter>
    </ClInclude>
    <ClInclude Include="include\LinkedList.h">
      <Filter>Header Files\cpp_internals\list</Filter>
    </ClInclude>
    <ClInclude Include="include\ILinkedList.h">
      <Filter>Header Files\cpp_internals\list</Filter>
    </ClInclude>
    <ClInclude Include="include\QuickSort.h">
      <Filter>Header Files\algorithms\sort</Filter>
    </ClInclude>
    <ClInclude Include="include\BubbleSort.h">
      <Filter>Header Files\algorithms\sort</Filter>
    </ClInclude>
    <ClInclude Include="include\InsertionSort.h">
      <Filter>Header Files\algorithms\sort</Filter>
    </ClInclude>
  </ItemGroup>
</Project>