<?xml version="1.0" encoding="utf-8"?>
<Project ToolsVersion="4.0" xmlns="http://schemas.microsoft.com/developer/msbuild/2003">
  <ItemGroup>
    <ClCompile Include="pch.cpp" />
    <ClCompile Include="class_UT.cpp">
      <Filter>tests\basic_paradigms</Filter>
    </ClCompile>
    <ClCompile Include="polymorphism_UT.cpp">
      <Filter>tests\basic_paradigms</Filter>
    </ClCompile>
    <ClCompile Include="mvove_copy_assign_UT.cpp">
      <Filter>tests\basic_elements</Filter>
    </ClCompile>
    <ClCompile Include="lambda_UT.cpp">
      <Filter>tests\basic_elements</Filter>
    </ClCompile>
    <ClCompile Include="mutable_UT.cpp">
      <Filter>tests\basic_elements</Filter>
    </ClCompile>
    <ClCompile Include="template_UT.cpp">
      <Filter>tests\basic_elements</Filter>
    </ClCompile>
    <ClCompile Include="binary_searchUT.cpp">
      <Filter>tests\algorithms</Filter>
    </ClCompile>
    <ClCompile Include="containers_UT.cpp">
      <Filter>tests\basic_elements</Filter>
    </ClCompile>
    <ClCompile Include="overloading_operators_UT.cpp">
      <Filter>tests\basic_paradigms</Filter>
    </ClCompile>
    <ClCompile Include="smartpointer_usage_UT.cpp">
      <Filter>tests\basic_elements</Filter>
    </ClCompile>
    <ClCompile Include="$(MSBuildThisFileDirectory)..\..\lib\native\src\gtest\gtest-all.cc" />
    <ClCompile Include="$(MSBuildThisFileDirectory)..\..\lib\native\src\gmock\gmock-all.cc" />
    <ClCompile Include="condition_variable_UT.cpp" />
    <ClCompile Include="mutex_guard_thread_UT.cpp" />
    <ClCompile Include="facade_UT.cpp">
      <Filter>tests\design_patterns\structural</Filter>
    </ClCompile>
    <ClCompile Include="adapter_UT.cpp">
      <Filter>tests\design_patterns\structural</Filter>
    </ClCompile>
    <ClCompile Include="factory_UT.cpp">
      <Filter>tests\design_patterns\creational</Filter>
    </ClCompile>
    <ClCompile Include="observer_boost_signal_UT.cpp">
      <Filter>tests\design_patterns\behavioral</Filter>
    </ClCompile>
    <ClCompile Include="observer_UT.cpp">
      <Filter>tests\design_patterns\behavioral</Filter>
    </ClCompile>
    <ClCompile Include="singleton_UT.cpp">
      <Filter>tests\design_patterns\creational</Filter>
    </ClCompile>
    <ClCompile Include="type_conversions_UT.cpp">
      <Filter>tests\basic_elements</Filter>
    </ClCompile>
    <ClCompile Include="async_wait_UT.cpp">
      <Filter>tests\boost_asio</Filter>
    </ClCompile>
    <ClCompile Include="shared_ptr_UT.cpp">
      <Filter>tests\cpp_internals</Filter>
    </ClCompile>
    <ClCompile Include="unique_ptr_UT.cpp">
      <Filter>tests\cpp_internals</Filter>
    </ClCompile>
  </ItemGroup>
  <ItemGroup>
    <ClInclude Include="pch.h" />
  </ItemGroup>
  <ItemGroup>
    <Filter Include="tests">
      <UniqueIdentifier>{6976f691-dbaf-44c8-9832-b1f79274370a}</UniqueIdentifier>
    </Filter>
    <Filter Include="tests\design_patterns">
      <UniqueIdentifier>{ad0bddda-80f9-4d62-b769-3cd64cc2758a}</UniqueIdentifier>
    </Filter>
    <Filter Include="tests\basic_elements">
      <UniqueIdentifier>{e6750f50-2cab-45a4-86c8-53a75cd46b03}</UniqueIdentifier>
    </Filter>
    <Filter Include="tests\basic_paradigms">
      <UniqueIdentifier>{177fca8d-0f31-46d9-96a2-57a22a8618e5}</UniqueIdentifier>
    </Filter>
    <Filter Include="tests\algorithms">
      <UniqueIdentifier>{73e62b51-f115-49b2-bfb1-8aea92408c8d}</UniqueIdentifier>
    </Filter>
    <Filter Include="tests\design_patterns\structural">
      <UniqueIdentifier>{e383c9b9-1c08-469e-ae72-6d8b5096c31d}</UniqueIdentifier>
    </Filter>
    <Filter Include="tests\design_patterns\behavioral">
      <UniqueIdentifier>{d33b2175-1287-4a02-894e-24c9b86ce391}</UniqueIdentifier>
    </Filter>
    <Filter Include="tests\design_patterns\creational">
      <UniqueIdentifier>{de32fced-edae-4b26-a3a9-6437297cd43d}</UniqueIdentifier>
    </Filter>
    <Filter Include="tests\cpp_internals">
      <UniqueIdentifier>{d51e6f09-c259-4097-8ebe-3920f2a23abe}</UniqueIdentifier>
    </Filter>
    <Filter Include="tests\boost_asio">
      <UniqueIdentifier>{0eb51039-aa2d-47a0-89c4-89f01868c411}</UniqueIdentifier>
    </Filter>
  </ItemGroup>
  <ItemGroup>
    <None Include="packages.config" />
  </ItemGroup>
</Project>