<?xml version="1.0" encoding="utf-8"?>
<Project ToolsVersion="4.0" xmlns="http://schemas.microsoft.com/developer/msbuild/2003">
  <ItemGroup>
    <ClCompile Include="pch.cpp" />
    <ClCompile Include="$(MSBuildThisFileDirectory)..\..\lib\native\src\gtest\gtest-all.cc" />
    <ClCompile Include="$(MSBuildThisFileDirectory)..\..\lib\native\src\gmock\gmock-all.cc" />
    <ClCompile Include="src\algorithms\BubbleSortUT.cpp">
      <Filter>tests\algorithms\sort</Filter>
    </ClCompile>
    <ClCompile Include="src\algorithms\InsertionSortUT.cpp">
      <Filter>tests\algorithms\sort</Filter>
    </ClCompile>
    <ClCompile Include="src\algorithms\MergeSortUT.cpp">
      <Filter>tests\algorithms\sort</Filter>
    </ClCompile>
    <ClCompile Include="src\algorithms\QuickSortUT.cpp">
      <Filter>tests\algorithms\sort</Filter>
    </ClCompile>
    <ClCompile Include="src\algorithms\SelectionSortUT.cpp">
      <Filter>tests\algorithms\sort</Filter>
    </ClCompile>
    <ClCompile Include="src\algorithms\ShuffleUT.cpp">
      <Filter>tests\algorithms\sort</Filter>
    </ClCompile>
    <ClCompile Include="src\algorithms\BinarySearchUT.cpp">
      <Filter>tests\algorithms\search</Filter>
    </ClCompile>
    <ClCompile Include="src\algorithms\BinaryTreeUT.cpp">
      <Filter>tests\algorithms\binary_tree</Filter>
    </ClCompile>
    <ClCompile Include="src\design_patterns\AdapterUT.cpp">
      <Filter>tests\design_patterns\structural</Filter>
    </ClCompile>
    <ClCompile Include="src\design_patterns\FacadeUT.cpp">
      <Filter>tests\design_patterns\structural</Filter>
    </ClCompile>
    <ClCompile Include="src\design_patterns\FactoryUT.cpp">
      <Filter>tests\design_patterns\creational</Filter>
    </ClCompile>
    <ClCompile Include="src\design_patterns\SingletonUT.cpp">
      <Filter>tests\design_patterns\creational</Filter>
    </ClCompile>
    <ClCompile Include="src\design_patterns\ObserverBoostSignalUT.cpp">
      <Filter>tests\design_patterns\behavioral</Filter>
    </ClCompile>
    <ClCompile Include="src\design_patterns\ObserverUT.cpp">
      <Filter>tests\design_patterns\behavioral</Filter>
    </ClCompile>
    <ClCompile Include="src\basic_elements\LambdaUT.cpp">
      <Filter>tests\basic_elements</Filter>
    </ClCompile>
    <ClCompile Include="src\basic_elements\MoveCopyUT.cpp">
      <Filter>tests\basic_elements</Filter>
    </ClCompile>
    <ClCompile Include="src\basic_elements\MutableUT.cpp">
      <Filter>tests\basic_elements</Filter>
    </ClCompile>
    <ClCompile Include="src\basic_elements\OverloadingOperatorsUT.cpp">
      <Filter>tests\basic_elements</Filter>
    </ClCompile>
    <ClCompile Include="src\basic_elements\SmartpointerUsageUT.cpp">
      <Filter>tests\basic_elements</Filter>
    </ClCompile>
    <ClCompile Include="src\basic_elements\TemplateUT.cpp">
      <Filter>tests\basic_elements</Filter>
    </ClCompile>
    <ClCompile Include="src\basic_elements\TypeConversionsUT.cpp">
      <Filter>tests\basic_elements</Filter>
    </ClCompile>
    <ClCompile Include="src\basic_paradigms\ClassUT.cpp">
      <Filter>tests\basic_paradigms</Filter>
    </ClCompile>
    <ClCompile Include="src\basic_paradigms\PolymorphismUT.cpp">
      <Filter>tests\basic_paradigms</Filter>
    </ClCompile>
    <ClCompile Include="src\boost\async_wait_UT.cpp">
      <Filter>tests\boost</Filter>
    </ClCompile>
    <ClCompile Include="src\containers\ContainersUsageUT.cpp">
      <Filter>tests\containers</Filter>
    </ClCompile>
    <ClCompile Include="src\containers\LinkedListUT.cpp">
      <Filter>tests\containers</Filter>
    </ClCompile>
    <ClCompile Include="src\containers\PriorityQueueUT.cpp">
      <Filter>tests\containers</Filter>
    </ClCompile>
    <ClCompile Include="src\containers\QueueUT.cpp">
      <Filter>tests\containers</Filter>
    </ClCompile>
    <ClCompile Include="src\containers\StackUT.cpp">
      <Filter>tests\containers</Filter>
    </ClCompile>
    <ClCompile Include="src\cpp_internals\SharedPtrUT.cpp">
      <Filter>tests\cpp_internals</Filter>
    </ClCompile>
    <ClCompile Include="src\cpp_internals\UniquePtrUT.cpp">
      <Filter>tests\cpp_internals</Filter>
    </ClCompile>
    <ClCompile Include="src\paralle_programming\MutexGuardThreadUT.cpp">
      <Filter>tests\parallel_programming</Filter>
    </ClCompile>
    <ClCompile Include="src\paralle_programming\ConditionVariableUT.cpp">
      <Filter>tests\parallel_programming</Filter>
    </ClCompile>
    <ClCompile Include="src\exercises\FibonacciUT.cpp">
      <Filter>tests\exercises</Filter>
    </ClCompile>
    <ClCompile Include="src\exercises\FrequencySortUT.cpp">
      <Filter>tests\exercises</Filter>
    </ClCompile>
    <ClCompile Include="src\exercises\CharacterFilterUT.cpp">
      <Filter>tests\exercises</Filter>
    </ClCompile>
    <ClCompile Include="src\exercises\ReverseStringUT.cpp">
      <Filter>tests\exercises</Filter>
    </ClCompile>
    <ClCompile Include="src\exercises\UniqueCharactersUT.cpp">
      <Filter>tests\exercises</Filter>
    </ClCompile>
    <ClCompile Include="src\exercises\UniqueNamesUT.cpp">
      <Filter>tests\exercises</Filter>
    </ClCompile>
  </ItemGroup>
  <ItemGroup>
    <ClInclude Include="pch.h" />
  </ItemGroup>
  <ItemGroup>
    <Filter Include="tests">
      <UniqueIdentifier>{6976f691-dbaf-44c8-9832-b1f79274370a}</UniqueIdentifier>
    </Filter>
    <Filter Include="tests\design_patterns">
      <UniqueIdentifier>{ad0bddda-80f9-4d62-b769-3cd64cc2758a}</UniqueIdentifier>
    </Filter>
    <Filter Include="tests\basic_elements">
      <UniqueIdentifier>{e6750f50-2cab-45a4-86c8-53a75cd46b03}</UniqueIdentifier>
    </Filter>
    <Filter Include="tests\basic_paradigms">
      <UniqueIdentifier>{177fca8d-0f31-46d9-96a2-57a22a8618e5}</UniqueIdentifier>
    </Filter>
    <Filter Include="tests\algorithms">
      <UniqueIdentifier>{73e62b51-f115-49b2-bfb1-8aea92408c8d}</UniqueIdentifier>
    </Filter>
    <Filter Include="tests\design_patterns\structural">
      <UniqueIdentifier>{e383c9b9-1c08-469e-ae72-6d8b5096c31d}</UniqueIdentifier>
    </Filter>
    <Filter Include="tests\design_patterns\behavioral">
      <UniqueIdentifier>{d33b2175-1287-4a02-894e-24c9b86ce391}</UniqueIdentifier>
    </Filter>
    <Filter Include="tests\design_patterns\creational">
      <UniqueIdentifier>{de32fced-edae-4b26-a3a9-6437297cd43d}</UniqueIdentifier>
    </Filter>
    <Filter Include="tests\cpp_internals">
      <UniqueIdentifier>{d51e6f09-c259-4097-8ebe-3920f2a23abe}</UniqueIdentifier>
    </Filter>
    <Filter Include="tests\exercises">
      <UniqueIdentifier>{fa091055-f8d8-4211-8767-7ad4ef8da607}</UniqueIdentifier>
    </Filter>
    <Filter Include="tests\algorithms\sort">
      <UniqueIdentifier>{c3edae3c-1b84-49d5-9c33-5eeb7cc8cfc0}</UniqueIdentifier>
    </Filter>
    <Filter Include="tests\algorithms\search">
      <UniqueIdentifier>{a00091a7-bf58-4186-a2ea-66af73c0af7d}</UniqueIdentifier>
    </Filter>
    <Filter Include="tests\parallel_programming">
      <UniqueIdentifier>{8399dbf9-55cf-4187-bd07-975a32db8c13}</UniqueIdentifier>
    </Filter>
    <Filter Include="tests\algorithms\binary_tree">
      <UniqueIdentifier>{87d1ea73-caa2-4725-ad78-ef6ca8a9004e}</UniqueIdentifier>
    </Filter>
    <Filter Include="tests\containers">
      <UniqueIdentifier>{c079d569-8ec7-4581-a893-872b35aecd75}</UniqueIdentifier>
    </Filter>
    <Filter Include="tests\boost">
      <UniqueIdentifier>{0eb51039-aa2d-47a0-89c4-89f01868c411}</UniqueIdentifier>
    </Filter>
  </ItemGroup>
  <ItemGroup>
    <None Include="packages.config" />
  </ItemGroup>
</Project>