<?xml version="1.0" encoding="utf-8"?>
<Project ToolsVersion="4.0" xmlns="http://schemas.microsoft.com/developer/msbuild/2003">
  <ItemGroup>
    <ClCompile Include="$(MSBuildThisFileDirectory)..\..\lib\native\src\gtest\gtest-all.cc" />
    <ClCompile Include="$(MSBuildThisFileDirectory)..\..\lib\native\src\gmock\gmock-all.cc" />
    <ClCompile Include="src\algorithms\BubbleSortUT.cpp">
      <Filter>tests\algorithms\sort</Filter>
    </ClCompile>
    <ClCompile Include="src\algorithms\InsertionSortUT.cpp">
      <Filter>tests\algorithms\sort</Filter>
    </ClCompile>
    <ClCompile Include="src\algorithms\MergeSortUT.cpp">
      <Filter>tests\algorithms\sort</Filter>
    </ClCompile>
    <ClCompile Include="src\algorithms\QuickSortUT.cpp">
      <Filter>tests\algorithms\sort</Filter>
    </ClCompile>
    <ClCompile Include="src\algorithms\SelectionSortUT.cpp">
      <Filter>tests\algorithms\sort</Filter>
    </ClCompile>
    <ClCompile Include="src\algorithms\ShuffleUT.cpp">
      <Filter>tests\algorithms\sort</Filter>
    </ClCompile>
    <ClCompile Include="src\algorithms\BinaryTreeUT.cpp">
      <Filter>tests\algorithms\binary_tree</Filter>
    </ClCompile>
    <ClCompile Include="src\design_patterns\AdapterUT.cpp">
      <Filter>tests\design_patterns\structural</Filter>
    </ClCompile>
    <ClCompile Include="src\design_patterns\FacadeUT.cpp">
      <Filter>tests\design_patterns\structural</Filter>
    </ClCompile>
    <ClCompile Include="src\design_patterns\FactoryUT.cpp">
      <Filter>tests\design_patterns\creational</Filter>
    </ClCompile>
    <ClCompile Include="src\design_patterns\SingletonUT.cpp">
      <Filter>tests\design_patterns\creational</Filter>
    </ClCompile>
    <ClCompile Include="src\design_patterns\ObserverBoostSignalUT.cpp">
      <Filter>tests\design_patterns\behavioral</Filter>
    </ClCompile>
    <ClCompile Include="src\design_patterns\ObserverUT.cpp">
      <Filter>tests\design_patterns\behavioral</Filter>
    </ClCompile>
    <ClCompile Include="src\exercises\FibonacciUT.cpp">
      <Filter>tests\exercises</Filter>
    </ClCompile>
    <ClCompile Include="src\exercises\FrequencySortUT.cpp">
      <Filter>tests\exercises</Filter>
    </ClCompile>
    <ClCompile Include="src\exercises\CharacterFilterUT.cpp">
      <Filter>tests\exercises</Filter>
    </ClCompile>
    <ClCompile Include="src\exercises\ReverseStringUT.cpp">
      <Filter>tests\exercises</Filter>
    </ClCompile>
    <ClCompile Include="src\exercises\UniqueCharactersUT.cpp">
      <Filter>tests\exercises</Filter>
    </ClCompile>
    <ClCompile Include="src\exercises\UniqueNamesUT.cpp">
      <Filter>tests\exercises</Filter>
    </ClCompile>
    <ClCompile Include="src\boost\AsyncWaitUT.cpp">
      <Filter>tests\boost</Filter>
    </ClCompile>
    <ClCompile Include="src\boost\TCPServerUT.cpp">
      <Filter>tests\boost</Filter>
    </ClCompile>
    <ClCompile Include="src\network\networkUT.cpp">
      <Filter>tests\network</Filter>
    </ClCompile>
    <ClCompile Include="src\design_patterns\DecoratorUT.cpp">
      <Filter>tests\design_patterns\structural</Filter>
    </ClCompile>
    <ClCompile Include="src\design_patterns\BuilderUT.cpp">
      <Filter>tests\design_patterns\creational</Filter>
    </ClCompile>
    <ClCompile Include="src\clean_code\BowlingGameUT.cpp">
      <Filter>tests\clean_code\TDD</Filter>
    </ClCompile>
    <ClCompile Include="src\clean_code\ExpenseUT.cpp">
      <Filter>tests\clean_code\solid\open_close_principle</Filter>
    </ClCompile>
    <ClCompile Include="src\algorithms\BinarySearchUT.cpp">
      <Filter>tests\algorithms\search</Filter>
    </ClCompile>
    <ClCompile Include="src\basic\elements\FindUT.cpp">
      <Filter>tests\basic\elements</Filter>
    </ClCompile>
    <ClCompile Include="src\basic\elements\LambdaUT.cpp">
      <Filter>tests\basic\elements</Filter>
    </ClCompile>
    <ClCompile Include="src\basic\elements\MoveCopyUT.cpp">
      <Filter>tests\basic\elements</Filter>
    </ClCompile>
    <ClCompile Include="src\basic\elements\MutableUT.cpp">
      <Filter>tests\basic\elements</Filter>
    </ClCompile>
    <ClCompile Include="src\basic\elements\OverloadingOperatorsUT.cpp">
      <Filter>tests\basic\elements</Filter>
    </ClCompile>
    <ClCompile Include="src\basic\elements\SmartpointerUsageUT.cpp">
      <Filter>tests\basic\elements</Filter>
    </ClCompile>
    <ClCompile Include="src\basic\elements\SpanUT.cpp">
      <Filter>tests\basic\elements</Filter>
    </ClCompile>
    <ClCompile Include="src\basic\elements\TemplateUT.cpp">
      <Filter>tests\basic\elements</Filter>
    </ClCompile>
    <ClCompile Include="src\basic\elements\TypeConversionsUT.cpp">
      <Filter>tests\basic\elements</Filter>
    </ClCompile>
    <ClCompile Include="src\basic\paradigms\ClassUT.cpp">
      <Filter>tests\basic\paradigms</Filter>
    </ClCompile>
    <ClCompile Include="src\basic\paradigms\PolymorphismUT.cpp">
      <Filter>tests\basic\paradigms</Filter>
    </ClCompile>
    <ClCompile Include="src\basic\containers\ForwardListUT.cpp">
      <Filter>tests\basic\containers\implementation</Filter>
    </ClCompile>
    <ClCompile Include="src\basic\containers\LinkedListUT.cpp">
      <Filter>tests\basic\containers\implementation</Filter>
    </ClCompile>
    <ClCompile Include="src\basic\containers\QueueUT.cpp">
      <Filter>tests\basic\containers\implementation</Filter>
    </ClCompile>
    <ClCompile Include="src\basic\containers\StackUT.cpp">
      <Filter>tests\basic\containers\implementation</Filter>
    </ClCompile>
    <ClCompile Include="src\basic\containers\ArrayUT.cpp">
      <Filter>tests\basic\containers\usage</Filter>
    </ClCompile>
    <ClCompile Include="src\basic\containers\ListUT.cpp">
      <Filter>tests\basic\containers\usage</Filter>
    </ClCompile>
    <ClCompile Include="src\basic\containers\MapUT.cpp">
      <Filter>tests\basic\containers\usage</Filter>
    </ClCompile>
    <ClCompile Include="src\basic\containers\PriorityQueueUT.cpp">
      <Filter>tests\basic\containers\usage</Filter>
    </ClCompile>
    <ClCompile Include="src\basic\containers\SetUT.cpp">
      <Filter>tests\basic\containers\usage</Filter>
    </ClCompile>
    <ClCompile Include="src\basic\containers\VectorUT.cpp">
      <Filter>tests\basic\containers\usage</Filter>
    </ClCompile>
    <ClCompile Include="src\basic\internals\HashMapUT.cpp">
      <Filter>tests\basic\cpp_internals</Filter>
    </ClCompile>
    <ClCompile Include="src\basic\internals\SharedPtrUT.cpp">
      <Filter>tests\basic\cpp_internals</Filter>
    </ClCompile>
    <ClCompile Include="src\basic\internals\UniquePtrUT.cpp">
      <Filter>tests\basic\cpp_internals</Filter>
    </ClCompile>
    <ClCompile Include="src\basic\parallel\ConditionVariableUT.cpp">
      <Filter>tests\basic\parallel_programming</Filter>
    </ClCompile>
    <ClCompile Include="src\basic\parallel\MutexGuardThreadUT.cpp">
      <Filter>tests\basic\parallel_programming</Filter>
    </ClCompile>
    <ClCompile Include="src\dangerous_constructions\StringViewUT.cpp">
      <Filter>tests\undefined_behavior</Filter>
    </ClCompile>
    <ClCompile Include="src\clean_code\DependencyInversionUT.cpp">
      <Filter>tests\clean_code\solid\dependency_inversion</Filter>
    </ClCompile>
    <ClCompile Include="src\unit_test\databaseSimulationUT.cpp">
      <Filter>tests\unit_test</Filter>
    </ClCompile>
    <ClCompile Include="IteratorUT.cpp">
      <Filter>tests\basic\containers\implementation</Filter>
    </ClCompile>
  </ItemGroup>
  <ItemGroup>
    <Filter Include="tests">
      <UniqueIdentifier>{6976f691-dbaf-44c8-9832-b1f79274370a}</UniqueIdentifier>
    </Filter>
    <Filter Include="tests\design_patterns">
      <UniqueIdentifier>{ad0bddda-80f9-4d62-b769-3cd64cc2758a}</UniqueIdentifier>
    </Filter>
    <Filter Include="tests\algorithms">
      <UniqueIdentifier>{73e62b51-f115-49b2-bfb1-8aea92408c8d}</UniqueIdentifier>
    </Filter>
    <Filter Include="tests\design_patterns\structural">
      <UniqueIdentifier>{e383c9b9-1c08-469e-ae72-6d8b5096c31d}</UniqueIdentifier>
    </Filter>
    <Filter Include="tests\design_patterns\behavioral">
      <UniqueIdentifier>{d33b2175-1287-4a02-894e-24c9b86ce391}</UniqueIdentifier>
    </Filter>
    <Filter Include="tests\design_patterns\creational">
      <UniqueIdentifier>{de32fced-edae-4b26-a3a9-6437297cd43d}</UniqueIdentifier>
    </Filter>
    <Filter Include="tests\exercises">
      <UniqueIdentifier>{fa091055-f8d8-4211-8767-7ad4ef8da607}</UniqueIdentifier>
    </Filter>
    <Filter Include="tests\algorithms\sort">
      <UniqueIdentifier>{c3edae3c-1b84-49d5-9c33-5eeb7cc8cfc0}</UniqueIdentifier>
    </Filter>
    <Filter Include="tests\algorithms\binary_tree">
      <UniqueIdentifier>{87d1ea73-caa2-4725-ad78-ef6ca8a9004e}</UniqueIdentifier>
    </Filter>
    <Filter Include="tests\boost">
      <UniqueIdentifier>{0eb51039-aa2d-47a0-89c4-89f01868c411}</UniqueIdentifier>
    </Filter>
    <Filter Include="tests\network">
      <UniqueIdentifier>{73fdbace-ab79-4e4c-9c3f-25339ae759c8}</UniqueIdentifier>
    </Filter>
    <Filter Include="tests\clean_code">
      <UniqueIdentifier>{1c8958fd-b2f6-4781-bad9-5955aece8b08}</UniqueIdentifier>
    </Filter>
    <Filter Include="tests\clean_code\solid">
      <UniqueIdentifier>{39dfeb38-40c4-4706-beb2-866ea8624d92}</UniqueIdentifier>
    </Filter>
    <Filter Include="tests\clean_code\TDD">
      <UniqueIdentifier>{d6673eaf-5ba5-4589-99a0-1a2c778a12d3}</UniqueIdentifier>
    </Filter>
    <Filter Include="tests\clean_code\solid\open_close_principle">
      <UniqueIdentifier>{65462bd3-1e61-466b-ae36-df99c5c75e85}</UniqueIdentifier>
    </Filter>
    <Filter Include="tests\undefined_behavior">
      <UniqueIdentifier>{1698708a-d40c-4794-a8c9-673b96bd7e37}</UniqueIdentifier>
    </Filter>
    <Filter Include="tests\clean_code\solid\dependency_inversion">
      <UniqueIdentifier>{63317f2e-dc83-411c-8282-1c83c6083661}</UniqueIdentifier>
    </Filter>
    <Filter Include="tests\algorithms\search">
      <UniqueIdentifier>{6138c396-a1ce-4e25-bdf7-f93025a5f169}</UniqueIdentifier>
    </Filter>
    <Filter Include="tests\basic">
      <UniqueIdentifier>{d8f06629-4562-42a4-bfa2-4e592533ce03}</UniqueIdentifier>
    </Filter>
    <Filter Include="tests\basic\containers">
      <UniqueIdentifier>{c079d569-8ec7-4581-a893-872b35aecd75}</UniqueIdentifier>
    </Filter>
    <Filter Include="tests\basic\containers\usage">
      <UniqueIdentifier>{8184372b-4569-48a8-b59d-3023897c2797}</UniqueIdentifier>
    </Filter>
    <Filter Include="tests\basic\containers\implementation">
      <UniqueIdentifier>{58afdc89-b0ce-4184-b265-2be904e30253}</UniqueIdentifier>
    </Filter>
    <Filter Include="tests\basic\cpp_internals">
      <UniqueIdentifier>{d51e6f09-c259-4097-8ebe-3920f2a23abe}</UniqueIdentifier>
    </Filter>
    <Filter Include="tests\basic\parallel_programming">
      <UniqueIdentifier>{8399dbf9-55cf-4187-bd07-975a32db8c13}</UniqueIdentifier>
    </Filter>
    <Filter Include="tests\basic\paradigms">
      <UniqueIdentifier>{177fca8d-0f31-46d9-96a2-57a22a8618e5}</UniqueIdentifier>
    </Filter>
    <Filter Include="tests\basic\elements">
      <UniqueIdentifier>{e6750f50-2cab-45a4-86c8-53a75cd46b03}</UniqueIdentifier>
    </Filter>
    <Filter Include="tests\unit_test">
      <UniqueIdentifier>{c38a62c2-cd44-457e-adb1-1c5decfa154b}</UniqueIdentifier>
    </Filter>
  </ItemGroup>
  <ItemGroup>
    <None Include="packages.config" />
  </ItemGroup>
</Project>